
Microsoft Visual Studio Solution File, Format Version 12.00
Project("{FAE04EC0-301F-11D3-BF4B-00C04F79EFBC}") = "Era_Commerce", "Era_Commerce\Era_Commerce.csproj", "{550E4055-D230-404E-8743-350546F3DDCB}"
EndProject
Global
	GlobalSection(SolutionConfigurationPlatforms) = preSolution
		Debug|Any CPU = Debug|Any CPU
		Release|Any CPU = Release|Any CPU
	EndGlobalSection
	GlobalSection(ProjectConfigurationPlatforms) = postSolution
		{550E4055-D230-404E-8743-350546F3DDCB}.Debug|Any CPU.ActiveCfg = Debug|Any CPU
		{550E4055-D230-404E-8743-350546F3DDCB}.Debug|Any CPU.Build.0 = Debug|Any CPU
		{550E4055-D230-404E-8743-350546F3DDCB}.Release|Any CPU.ActiveCfg = Release|Any CPU
		{550E4055-D230-404E-8743-350546F3DDCB}.Release|Any CPU.Build.0 = Release|Any CPU
	EndGlobalSection
EndGlobal
